// !$*UTF8*$!
{
	archiveVersion = 1;
	classes = {
	};
	objectVersion = 46;
	objects = {

/* Begin PBXBuildFile section */
		3390AC511BDA157100A5F0C0 /* main.m in Sources */ = {isa = PBXBuildFile; fileRef = 3390AC501BDA157100A5F0C0 /* main.m */; };
		3390AC541BDA157100A5F0C0 /* AppDelegate.m in Sources */ = {isa = PBXBuildFile; fileRef = 3390AC531BDA157100A5F0C0 /* AppDelegate.m */; };
		3390AC571BDA157100A5F0C0 /* ViewController.m in Sources */ = {isa = PBXBuildFile; fileRef = 3390AC561BDA157100A5F0C0 /* ViewController.m */; };
		3390AC5A1BDA157100A5F0C0 /* Main.storyboard in Resources */ = {isa = PBXBuildFile; fileRef = 3390AC581BDA157100A5F0C0 /* Main.storyboard */; };
		3390AC5C1BDA157100A5F0C0 /* Images.xcassets in Resources */ = {isa = PBXBuildFile; fileRef = 3390AC5B1BDA157100A5F0C0 /* Images.xcassets */; };
		3390AC5F1BDA157100A5F0C0 /* LaunchScreen.xib in Resources */ = {isa = PBXBuildFile; fileRef = 3390AC5D1BDA157100A5F0C0 /* LaunchScreen.xib */; };
		3390AC6B1BDA157100A5F0C0 /* PhotoFlowTests.m in Sources */ = {isa = PBXBuildFile; fileRef = 3390AC6A1BDA157100A5F0C0 /* PhotoFlowTests.m */; };
		3390AC871BDA223800A5F0C0 /* PFCollectionViewCell.m in Sources */ = {isa = PBXBuildFile; fileRef = 3390AC861BDA223800A5F0C0 /* PFCollectionViewCell.m */; };
		3390AC8A1BDA226B00A5F0C0 /* PFView.storyboard in Resources */ = {isa = PBXBuildFile; fileRef = 3390AC891BDA226B00A5F0C0 /* PFView.storyboard */; };
		3390AC8D1BDA229600A5F0C0 /* PFViewController.m in Sources */ = {isa = PBXBuildFile; fileRef = 3390AC8C1BDA229600A5F0C0 /* PFViewController.m */; };
		3394231C1BDDCD4800A7EBD6 /* a.png in Resources */ = {isa = PBXBuildFile; fileRef = 339423081BDDCD4800A7EBD6 /* a.png */; };
		3394231D1BDDCD4800A7EBD6 /* b.png in Resources */ = {isa = PBXBuildFile; fileRef = 339423091BDDCD4800A7EBD6 /* b.png */; };
		3394231E1BDDCD4800A7EBD6 /* c.png in Resources */ = {isa = PBXBuildFile; fileRef = 3394230A1BDDCD4800A7EBD6 /* c.png */; };
		3394231F1BDDCD4800A7EBD6 /* d.png in Resources */ = {isa = PBXBuildFile; fileRef = 3394230B1BDDCD4800A7EBD6 /* d.png */; };
		339423201BDDCD4800A7EBD6 /* e.png in Resources */ = {isa = PBXBuildFile; fileRef = 3394230C1BDDCD4800A7EBD6 /* e.png */; };
		339423211BDDCD4800A7EBD6 /* f.png in Resources */ = {isa = PBXBuildFile; fileRef = 3394230D1BDDCD4800A7EBD6 /* f.png */; };
		339423221BDDCD4800A7EBD6 /* g.png in Resources */ = {isa = PBXBuildFile; fileRef = 3394230E1BDDCD4800A7EBD6 /* g.png */; };
		339423231BDDCD4800A7EBD6 /* h.png in Resources */ = {isa = PBXBuildFile; fileRef = 3394230F1BDDCD4800A7EBD6 /* h.png */; };
		339423241BDDCD4800A7EBD6 /* i.png in Resources */ = {isa = PBXBuildFile; fileRef = 339423101BDDCD4800A7EBD6 /* i.png */; };
		339423251BDDCD4800A7EBD6 /* j.png in Resources */ = {isa = PBXBuildFile; fileRef = 339423111BDDCD4800A7EBD6 /* j.png */; };
		339423261BDDCD4800A7EBD6 /* k.png in Resources */ = {isa = PBXBuildFile; fileRef = 339423121BDDCD4800A7EBD6 /* k.png */; };
		339423271BDDCD4800A7EBD6 /* l.png in Resources */ = {isa = PBXBuildFile; fileRef = 339423131BDDCD4800A7EBD6 /* l.png */; };
		339423281BDDCD4800A7EBD6 /* m.png in Resources */ = {isa = PBXBuildFile; fileRef = 339423141BDDCD4800A7EBD6 /* m.png */; };
		339423291BDDCD4800A7EBD6 /* n.png in Resources */ = {isa = PBXBuildFile; fileRef = 339423151BDDCD4800A7EBD6 /* n.png */; };
		3394232A1BDDCD4800A7EBD6 /* o.png in Resources */ = {isa = PBXBuildFile; fileRef = 339423161BDDCD4800A7EBD6 /* o.png */; };
		3394232B1BDDCD4800A7EBD6 /* p.png in Resources */ = {isa = PBXBuildFile; fileRef = 339423171BDDCD4800A7EBD6 /* p.png */; };
		3394232C1BDDCD4800A7EBD6 /* q.png in Resources */ = {isa = PBXBuildFile; fileRef = 339423181BDDCD4800A7EBD6 /* q.png */; };
		3394232D1BDDCD4800A7EBD6 /* r.png in Resources */ = {isa = PBXBuildFile; fileRef = 339423191BDDCD4800A7EBD6 /* r.png */; };
		3394232E1BDDCD4800A7EBD6 /* s.png in Resources */ = {isa = PBXBuildFile; fileRef = 3394231A1BDDCD4800A7EBD6 /* s.png */; };
/* End PBXBuildFile section */

/* Begin PBXContainerItemProxy section */
		3390AC651BDA157100A5F0C0 /* PBXContainerItemProxy */ = {
			isa = PBXContainerItemProxy;
			containerPortal = 3390AC431BDA157100A5F0C0 /* Project object */;
			proxyType = 1;
			remoteGlobalIDString = 3390AC4A1BDA157100A5F0C0;
			remoteInfo = PhotoFlow;
		};
/* End PBXContainerItemProxy section */

/* Begin PBXFileReference section */
		3390AC4B1BDA157100A5F0C0 /* PhotoFlow.app */ = {isa = PBXFileReference; explicitFileType = wrapper.application; includeInIndex = 0; path = PhotoFlow.app; sourceTree = BUILT_PRODUCTS_DIR; };
		3390AC4F1BDA157100A5F0C0 /* Info.plist */ = {isa = PBXFileReference; lastKnownFileType = text.plist.xml; path = Info.plist; sourceTree = "<group>"; };
		3390AC501BDA157100A5F0C0 /* main.m */ = {isa = PBXFileReference; lastKnownFileType = sourcecode.c.objc; path = main.m; sourceTree = "<group>"; };
		3390AC521BDA157100A5F0C0 /* AppDelegate.h */ = {isa = PBXFileReference; lastKnownFileType = sourcecode.c.h; path = AppDelegate.h; sourceTree = "<group>"; };
		3390AC531BDA157100A5F0C0 /* AppDelegate.m */ = {isa = PBXFileReference; lastKnownFileType = sourcecode.c.objc; path = AppDelegate.m; sourceTree = "<group>"; };
		3390AC551BDA157100A5F0C0 /* ViewController.h */ = {isa = PBXFileReference; lastKnownFileType = sourcecode.c.h; path = ViewController.h; sourceTree = "<group>"; };
		3390AC561BDA157100A5F0C0 /* ViewController.m */ = {isa = PBXFileReference; lastKnownFileType = sourcecode.c.objc; path = ViewController.m; sourceTree = "<group>"; };
		3390AC591BDA157100A5F0C0 /* Base */ = {isa = PBXFileReference; lastKnownFileType = file.storyboard; name = Base; path = Base.lproj/Main.storyboard; sourceTree = "<group>"; };
		3390AC5B1BDA157100A5F0C0 /* Images.xcassets */ = {isa = PBXFileReference; lastKnownFileType = folder.assetcatalog; path = Images.xcassets; sourceTree = "<group>"; };
		3390AC5E1BDA157100A5F0C0 /* Base */ = {isa = PBXFileReference; lastKnownFileType = file.xib; name = Base; path = Base.lproj/LaunchScreen.xib; sourceTree = "<group>"; };
		3390AC641BDA157100A5F0C0 /* PhotoFlowTests.xctest */ = {isa = PBXFileReference; explicitFileType = wrapper.cfbundle; includeInIndex = 0; path = PhotoFlowTests.xctest; sourceTree = BUILT_PRODUCTS_DIR; };
		3390AC691BDA157100A5F0C0 /* Info.plist */ = {isa = PBXFileReference; lastKnownFileType = text.plist.xml; path = Info.plist; sourceTree = "<group>"; };
		3390AC6A1BDA157100A5F0C0 /* PhotoFlowTests.m */ = {isa = PBXFileReference; lastKnownFileType = sourcecode.c.objc; path = PhotoFlowTests.m; sourceTree = "<group>"; };
		3390AC851BDA223800A5F0C0 /* PFCollectionViewCell.h */ = {isa = PBXFileReference; fileEncoding = 4; lastKnownFileType = sourcecode.c.h; path = PFCollectionViewCell.h; sourceTree = "<group>"; };
		3390AC861BDA223800A5F0C0 /* PFCollectionViewCell.m */ = {isa = PBXFileReference; fileEncoding = 4; lastKnownFileType = sourcecode.c.objc; path = PFCollectionViewCell.m; sourceTree = "<group>"; };
		3390AC891BDA226B00A5F0C0 /* PFView.storyboard */ = {isa = PBXFileReference; fileEncoding = 4; lastKnownFileType = file.storyboard; path = PFView.storyboard; sourceTree = "<group>"; };
		3390AC8B1BDA229600A5F0C0 /* PFViewController.h */ = {isa = PBXFileReference; fileEncoding = 4; lastKnownFileType = sourcecode.c.h; path = PFViewController.h; sourceTree = "<group>"; };
		3390AC8C1BDA229600A5F0C0 /* PFViewController.m */ = {isa = PBXFileReference; fileEncoding = 4; lastKnownFileType = sourcecode.c.objc; path = PFViewController.m; sourceTree = "<group>"; };
		339423081BDDCD4800A7EBD6 /* a.png */ = {isa = PBXFileReference; lastKnownFileType = image.png; path = a.png; sourceTree = "<group>"; };
		339423091BDDCD4800A7EBD6 /* b.png */ = {isa = PBXFileReference; lastKnownFileType = image.png; path = b.png; sourceTree = "<group>"; };
		3394230A1BDDCD4800A7EBD6 /* c.png */ = {isa = PBXFileReference; lastKnownFileType = image.png; path = c.png; sourceTree = "<group>"; };
		3394230B1BDDCD4800A7EBD6 /* d.png */ = {isa = PBXFileReference; lastKnownFileType = image.png; path = d.png; sourceTree = "<group>"; };
		3394230C1BDDCD4800A7EBD6 /* e.png */ = {isa = PBXFileReference; lastKnownFileType = image.png; path = e.png; sourceTree = "<group>"; };
		3394230D1BDDCD4800A7EBD6 /* f.png */ = {isa = PBXFileReference; lastKnownFileType = image.png; path = f.png; sourceTree = "<group>"; };
		3394230E1BDDCD4800A7EBD6 /* g.png */ = {isa = PBXFileReference; lastKnownFileType = image.png; path = g.png; sourceTree = "<group>"; };
		3394230F1BDDCD4800A7EBD6 /* h.png */ = {isa = PBXFileReference; lastKnownFileType = image.png; path = h.png; sourceTree = "<group>"; };
		339423101BDDCD4800A7EBD6 /* i.png */ = {isa = PBXFileReference; lastKnownFileType = image.png; path = i.png; sourceTree = "<group>"; };
		339423111BDDCD4800A7EBD6 /* j.png */ = {isa = PBXFileReference; lastKnownFileType = image.png; path = j.png; sourceTree = "<group>"; };
		339423121BDDCD4800A7EBD6 /* k.png */ = {isa = PBXFileReference; lastKnownFileType = image.png; path = k.png; sourceTree = "<group>"; };
		339423131BDDCD4800A7EBD6 /* l.png */ = {isa = PBXFileReference; lastKnownFileType = image.png; path = l.png; sourceTree = "<group>"; };
		339423141BDDCD4800A7EBD6 /* m.png */ = {isa = PBXFileReference; lastKnownFileType = image.png; path = m.png; sourceTree = "<group>"; };
		339423151BDDCD4800A7EBD6 /* n.png */ = {isa = PBXFileReference; lastKnownFileType = image.png; path = n.png; sourceTree = "<group>"; };
		339423161BDDCD4800A7EBD6 /* o.png */ = {isa = PBXFileReference; lastKnownFileType = image.png; path = o.png; sourceTree = "<group>"; };
		339423171BDDCD4800A7EBD6 /* p.png */ = {isa = PBXFileReference; lastKnownFileType = image.png; path = p.png; sourceTree = "<group>"; };
		339423181BDDCD4800A7EBD6 /* q.png */ = {isa = PBXFileReference; lastKnownFileType = image.png; path = q.png; sourceTree = "<group>"; };
		339423191BDDCD4800A7EBD6 /* r.png */ = {isa = PBXFileReference; lastKnownFileType = image.png; path = r.png; sourceTree = "<group>"; };
		3394231A1BDDCD4800A7EBD6 /* s.png */ = {isa = PBXFileReference; lastKnownFileType = image.png; path = s.png; sourceTree = "<group>"; };
/* End PBXFileReference section */

/* Begin PBXFrameworksBuildPhase section */
		3390AC481BDA157100A5F0C0 /* Frameworks */ = {
			isa = PBXFrameworksBuildPhase;
			buildActionMask = 2147483647;
			files = (
			);
			runOnlyForDeploymentPostprocessing = 0;
		};
		3390AC611BDA157100A5F0C0 /* Frameworks */ = {
			isa = PBXFrameworksBuildPhase;
			buildActionMask = 2147483647;
			files = (
			);
			runOnlyForDeploymentPostprocessing = 0;
		};
/* End PBXFrameworksBuildPhase section */

/* Begin PBXGroup section */
		3390AC421BDA157100A5F0C0 = {
			isa = PBXGroup;
			children = (
				3390AC4D1BDA157100A5F0C0 /* PhotoFlow */,
				3390AC671BDA157100A5F0C0 /* PhotoFlowTests */,
				3390AC4C1BDA157100A5F0C0 /* Products */,
			);
			sourceTree = "<group>";
		};
		3390AC4C1BDA157100A5F0C0 /* Products */ = {
			isa = PBXGroup;
			children = (
				3390AC4B1BDA157100A5F0C0 /* PhotoFlow.app */,
				3390AC641BDA157100A5F0C0 /* PhotoFlowTests.xctest */,
			);
			name = Products;
			sourceTree = "<group>";
		};
		3390AC4D1BDA157100A5F0C0 /* PhotoFlow */ = {
			isa = PBXGroup;
			children = (
				339423061BDDCD4800A7EBD6 /* btn-pic */,
				3390AC741BDA158400A5F0C0 /* PhotoFlowView */,
				3390AC521BDA157100A5F0C0 /* AppDelegate.h */,
				3390AC531BDA157100A5F0C0 /* AppDelegate.m */,
				3390AC551BDA157100A5F0C0 /* ViewController.h */,
				3390AC561BDA157100A5F0C0 /* ViewController.m */,
				3390AC581BDA157100A5F0C0 /* Main.storyboard */,
				3390AC5B1BDA157100A5F0C0 /* Images.xcassets */,
				3390AC5D1BDA157100A5F0C0 /* LaunchScreen.xib */,
				3390AC4E1BDA157100A5F0C0 /* Supporting Files */,
			);
			path = PhotoFlow;
			sourceTree = "<group>";
		};
		3390AC4E1BDA157100A5F0C0 /* Supporting Files */ = {
			isa = PBXGroup;
			children = (
				3390AC4F1BDA157100A5F0C0 /* Info.plist */,
				3390AC501BDA157100A5F0C0 /* main.m */,
			);
			name = "Supporting Files";
			sourceTree = "<group>";
		};
		3390AC671BDA157100A5F0C0 /* PhotoFlowTests */ = {
			isa = PBXGroup;
			children = (
				3390AC6A1BDA157100A5F0C0 /* PhotoFlowTests.m */,
				3390AC681BDA157100A5F0C0 /* Supporting Files */,
			);
			path = PhotoFlowTests;
			sourceTree = "<group>";
		};
		3390AC681BDA157100A5F0C0 /* Supporting Files */ = {
			isa = PBXGroup;
			children = (
				3390AC691BDA157100A5F0C0 /* Info.plist */,
			);
			name = "Supporting Files";
			sourceTree = "<group>";
		};
		3390AC741BDA158400A5F0C0 /* PhotoFlowView */ = {
			isa = PBXGroup;
			children = (
				3390AC8B1BDA229600A5F0C0 /* PFViewController.h */,
				3390AC8C1BDA229600A5F0C0 /* PFViewController.m */,
				3390AC851BDA223800A5F0C0 /* PFCollectionViewCell.h */,
				3390AC861BDA223800A5F0C0 /* PFCollectionViewCell.m */,
				3390AC891BDA226B00A5F0C0 /* PFView.storyboard */,
			);
			name = PhotoFlowView;
			sourceTree = "<group>";
		};
		339423061BDDCD4800A7EBD6 /* btn-pic */ = {
			isa = PBXGroup;
			children = (
				339423081BDDCD4800A7EBD6 /* a.png */,
				339423091BDDCD4800A7EBD6 /* b.png */,
				3394230A1BDDCD4800A7EBD6 /* c.png */,
				3394230B1BDDCD4800A7EBD6 /* d.png */,
				3394230C1BDDCD4800A7EBD6 /* e.png */,
				3394230D1BDDCD4800A7EBD6 /* f.png */,
				3394230E1BDDCD4800A7EBD6 /* g.png */,
				3394230F1BDDCD4800A7EBD6 /* h.png */,
				339423101BDDCD4800A7EBD6 /* i.png */,
				339423111BDDCD4800A7EBD6 /* j.png */,
				339423121BDDCD4800A7EBD6 /* k.png */,
				339423131BDDCD4800A7EBD6 /* l.png */,
				339423141BDDCD4800A7EBD6 /* m.png */,
				339423151BDDCD4800A7EBD6 /* n.png */,
				339423161BDDCD4800A7EBD6 /* o.png */,
				339423171BDDCD4800A7EBD6 /* p.png */,
				339423181BDDCD4800A7EBD6 /* q.png */,
				339423191BDDCD4800A7EBD6 /* r.png */,
				3394231A1BDDCD4800A7EBD6 /* s.png */,
			);
			path = "btn-pic";
			sourceTree = "<group>";
		};
/* End PBXGroup section */

/* Begin PBXNativeTarget section */
		3390AC4A1BDA157100A5F0C0 /* PhotoFlow */ = {
			isa = PBXNativeTarget;
			buildConfigurationList = 3390AC6E1BDA157100A5F0C0 /* Build configuration list for PBXNativeTarget "PhotoFlow" */;
			buildPhases = (
				3390AC471BDA157100A5F0C0 /* Sources */,
				3390AC481BDA157100A5F0C0 /* Frameworks */,
				3390AC491BDA157100A5F0C0 /* Resources */,
			);
			buildRules = (
			);
			dependencies = (
			);
			name = PhotoFlow;
			productName = PhotoFlow;
			productReference = 3390AC4B1BDA157100A5F0C0 /* PhotoFlow.app */;
			productType = "com.apple.product-type.application";
		};
		3390AC631BDA157100A5F0C0 /* PhotoFlowTests */ = {
			isa = PBXNativeTarget;
			buildConfigurationList = 3390AC711BDA157100A5F0C0 /* Build configuration list for PBXNativeTarget "PhotoFlowTests" */;
			buildPhases = (
				3390AC601BDA157100A5F0C0 /* Sources */,
				3390AC611BDA157100A5F0C0 /* Frameworks */,
				3390AC621BDA157100A5F0C0 /* Resources */,
			);
			buildRules = (
			);
			dependencies = (
				3390AC661BDA157100A5F0C0 /* PBXTargetDependency */,
			);
			name = PhotoFlowTests;
			productName = PhotoFlowTests;
			productReference = 3390AC641BDA157100A5F0C0 /* PhotoFlowTests.xctest */;
			productType = "com.apple.product-type.bundle.unit-test";
		};
/* End PBXNativeTarget section */

/* Begin PBXProject section */
		3390AC431BDA157100A5F0C0 /* Project object */ = {
			isa = PBXProject;
			attributes = {
				LastUpgradeCheck = 0640;
				ORGANIZATIONNAME = x.wang;
				TargetAttributes = {
					3390AC4A1BDA157100A5F0C0 = {
						CreatedOnToolsVersion = 6.4;
					};
					3390AC631BDA157100A5F0C0 = {
						CreatedOnToolsVersion = 6.4;
						TestTargetID = 3390AC4A1BDA157100A5F0C0;
					};
				};
			};
			buildConfigurationList = 3390AC461BDA157100A5F0C0 /* Build configuration list for PBXProject "PhotoFlow" */;
			compatibilityVersion = "Xcode 3.2";
			developmentRegion = English;
			hasScannedForEncodings = 0;
			knownRegions = (
				en,
				Base,
			);
			mainGroup = 3390AC421BDA157100A5F0C0;
			productRefGroup = 3390AC4C1BDA157100A5F0C0 /* Products */;
			projectDirPath = "";
			projectRoot = "";
			targets = (
				3390AC4A1BDA157100A5F0C0 /* PhotoFlow */,
				3390AC631BDA157100A5F0C0 /* PhotoFlowTests */,
			);
		};
/* End PBXProject section */

/* Begin PBXResourcesBuildPhase section */
		3390AC491BDA157100A5F0C0 /* Resources */ = {
			isa = PBXResourcesBuildPhase;
			buildActionMask = 2147483647;
			files = (
				339423251BDDCD4800A7EBD6 /* j.png in Resources */,
				339423211BDDCD4800A7EBD6 /* f.png in Resources */,
				339423291BDDCD4800A7EBD6 /* n.png in Resources */,
				3394232E1BDDCD4800A7EBD6 /* s.png in Resources */,
				3394231F1BDDCD4800A7EBD6 /* d.png in Resources */,
				339423261BDDCD4800A7EBD6 /* k.png in Resources */,
				3390AC5A1BDA157100A5F0C0 /* Main.storyboard in Resources */,
				3394232B1BDDCD4800A7EBD6 /* p.png in Resources */,
				339423231BDDCD4800A7EBD6 /* h.png in Resources */,
				339423221BDDCD4800A7EBD6 /* g.png in Resources */,
				3390AC8A1BDA226B00A5F0C0 /* PFView.storyboard in Resources */,
				3394232C1BDDCD4800A7EBD6 /* q.png in Resources */,
				339423281BDDCD4800A7EBD6 /* m.png in Resources */,
				339423271BDDCD4800A7EBD6 /* l.png in Resources */,
				3394231E1BDDCD4800A7EBD6 /* c.png in Resources */,
				3394232D1BDDCD4800A7EBD6 /* r.png in Resources */,
				339423201BDDCD4800A7EBD6 /* e.png in Resources */,
				3394231C1BDDCD4800A7EBD6 /* a.png in Resources */,
				3394232A1BDDCD4800A7EBD6 /* o.png in Resources */,
				3390AC5F1BDA157100A5F0C0 /* LaunchScreen.xib in Resources */,
				3390AC5C1BDA157100A5F0C0 /* Images.xcassets in Resources */,
				3394231D1BDDCD4800A7EBD6 /* b.png in Resources */,
				339423241BDDCD4800A7EBD6 /* i.png in Resources */,
			);
			runOnlyForDeploymentPostprocessing = 0;
		};
		3390AC621BDA157100A5F0C0 /* Resources */ = {
			isa = PBXResourcesBuildPhase;
			buildActionMask = 2147483647;
			files = (
			);
			runOnlyForDeploymentPostprocessing = 0;
		};
/* End PBXResourcesBuildPhase section */

/* Begin PBXSourcesBuildPhase section */
		3390AC471BDA157100A5F0C0 /* Sources */ = {
			isa = PBXSourcesBuildPhase;
			buildActionMask = 2147483647;
			files = (
				3390AC571BDA157100A5F0C0 /* ViewController.m in Sources */,
				3390AC871BDA223800A5F0C0 /* PFCollectionViewCell.m in Sources */,
				3390AC541BDA157100A5F0C0 /* AppDelegate.m in Sources */,
				3390AC8D1BDA229600A5F0C0 /* PFViewController.m in Sources */,
				3390AC511BDA157100A5F0C0 /* main.m in Sources */,
			);
			runOnlyForDeploymentPostprocessing = 0;
		};
		3390AC601BDA157100A5F0C0 /* Sources */ = {
			isa = PBXSourcesBuildPhase;
			buildActionMask = 2147483647;
			files = (
				3390AC6B1BDA157100A5F0C0 /* PhotoFlowTests.m in Sources */,
			);
			runOnlyForDeploymentPostprocessing = 0;
		};
/* End PBXSourcesBuildPhase section */

/* Begin PBXTargetDependency section */
		3390AC661BDA157100A5F0C0 /* PBXTargetDependency */ = {
			isa = PBXTargetDependency;
			target = 3390AC4A1BDA157100A5F0C0 /* PhotoFlow */;
			targetProxy = 3390AC651BDA157100A5F0C0 /* PBXContainerItemProxy */;
		};
/* End PBXTargetDependency section */

/* Begin PBXVariantGroup section */
		3390AC581BDA157100A5F0C0 /* Main.storyboard */ = {
			isa = PBXVariantGroup;
			children = (
				3390AC591BDA157100A5F0C0 /* Base */,
			);
			name = Main.storyboard;
			sourceTree = "<group>";
		};
		3390AC5D1BDA157100A5F0C0 /* LaunchScreen.xib */ = {
			isa = PBXVariantGroup;
			children = (
				3390AC5E1BDA157100A5F0C0 /* Base */,
			);
			name = LaunchScreen.xib;
			sourceTree = "<group>";
		};
/* End PBXVariantGroup section */

/* Begin XCBuildConfiguration section */
		3390AC6C1BDA157100A5F0C0 /* Debug */ = {
			isa = XCBuildConfiguration;
			buildSettings = {
				ALWAYS_SEARCH_USER_PATHS = NO;
				CLANG_CXX_LANGUAGE_STANDARD = "gnu++0x";
				CLANG_CXX_LIBRARY = "libc++";
				CLANG_ENABLE_MODULES = YES;
				CLANG_ENABLE_OBJC_ARC = YES;
				CLANG_WARN_BOOL_CONVERSION = YES;
				CLANG_WARN_CONSTANT_CONVERSION = YES;
				CLANG_WARN_DIRECT_OBJC_ISA_USAGE = YES_ERROR;
				CLANG_WARN_EMPTY_BODY = YES;
				CLANG_WARN_ENUM_CONVERSION = YES;
				CLANG_WARN_INT_CONVERSION = YES;
				CLANG_WARN_OBJC_ROOT_CLASS = YES_ERROR;
				CLANG_WARN_UNREACHABLE_CODE = YES;
				CLANG_WARN__DUPLICATE_METHOD_MATCH = YES;
				"CODE_SIGN_IDENTITY[sdk=iphoneos*]" = "iPhone Developer";
				COPY_PHASE_STRIP = NO;
				DEBUG_INFORMATION_FORMAT = "dwarf-with-dsym";
				ENABLE_STRICT_OBJC_MSGSEND = YES;
				GCC_C_LANGUAGE_STANDARD = gnu99;
				GCC_DYNAMIC_NO_PIC = NO;
				GCC_NO_COMMON_BLOCKS = YES;
				GCC_OPTIMIZATION_LEVEL = 0;
				GCC_PREPROCESSOR_DEFINITIONS = (
					"DEBUG=1",
					"$(inherited)",
				);
				GCC_SYMBOLS_PRIVATE_EXTERN = NO;
				GCC_WARN_64_TO_32_BIT_CONVERSION = YES;
				GCC_WARN_ABOUT_RETURN_TYPE = YES_ERROR;
				GCC_WARN_UNDECLARED_SELECTOR = YES;
				GCC_WARN_UNINITIALIZED_AUTOS = YES_AGGRESSIVE;
				GCC_WARN_UNUSED_FUNCTION = YES;
				GCC_WARN_UNUSED_VARIABLE = YES;
				IPHONEOS_DEPLOYMENT_TARGET = 8.4;
				MTL_ENABLE_DEBUG_INFO = YES;
				ONLY_ACTIVE_ARCH = YES;
				SDKROOT = iphoneos;
				TARGETED_DEVICE_FAMILY = "1,2";
			};
			name = Debug;
		};
		3390AC6D1BDA157100A5F0C0 /* Release */ = {
			isa = XCBuildConfiguration;
			buildSettings = {
				ALWAYS_SEARCH_USER_PATHS = NO;
				CLANG_CXX_LANGUAGE_STANDARD = "gnu++0x";
				CLANG_CXX_LIBRARY = "libc++";
				CLANG_ENABLE_MODULES = YES;
				CLANG_ENABLE_OBJC_ARC = YES;
				CLANG_WARN_BOOL_CONVERSION = YES;
				CLANG_WARN_CONSTANT_CONVERSION = YES;
				CLANG_WARN_DIRECT_OBJC_ISA_USAGE = YES_ERROR;
				CLANG_WARN_EMPTY_BODY = YES;
				CLANG_WARN_ENUM_CONVERSION = YES;
				CLANG_WARN_INT_CONVERSION = YES;
				CLANG_WARN_OBJC_ROOT_CLASS = YES_ERROR;
				CLANG_WARN_UNREACHABLE_CODE = YES;
				CLANG_WARN__DUPLICATE_METHOD_MATCH = YES;
				"CODE_SIGN_IDENTITY[sdk=iphoneos*]" = "iPhone Developer";
				COPY_PHASE_STRIP = NO;
				DEBUG_INFORMATION_FORMAT = "dwarf-with-dsym";
				ENABLE_NS_ASSERTIONS = NO;
				ENABLE_STRICT_OBJC_MSGSEND = YES;
				GCC_C_LANGUAGE_STANDARD = gnu99;
				GCC_NO_COMMON_BLOCKS = YES;
				GCC_WARN_64_TO_32_BIT_CONVERSION = YES;
				GCC_WARN_ABOUT_RETURN_TYPE = YES_ERROR;
				GCC_WARN_UNDECLARED_SELECTOR = YES;
				GCC_WARN_UNINITIALIZED_AUTOS = YES_AGGRESSIVE;
				GCC_WARN_UNUSED_FUNCTION = YES;
				GCC_WARN_UNUSED_VARIABLE = YES;
				IPHONEOS_DEPLOYMENT_TARGET = 8.4;
				MTL_ENABLE_DEBUG_INFO = NO;
				SDKROOT = iphoneos;
				TARGETED_DEVICE_FAMILY = "1,2";
				VALIDATE_PRODUCT = YES;
			};
			name = Release;
		};
		3390AC6F1BDA157100A5F0C0 /* Debug */ = {
			isa = XCBuildConfiguration;
			buildSettings = {
				ASSETCATALOG_COMPILER_APPICON_NAME = AppIcon;
				INFOPLIST_FILE = PhotoFlow/Info.plist;
				LD_RUNPATH_SEARCH_PATHS = "$(inherited) @executable_path/Frameworks";
				PRODUCT_NAME = "$(TARGET_NAME)";
			};
			name = Debug;
		};
		3390AC701BDA157100A5F0C0 /* Release */ = {
			isa = XCBuildConfiguration;
			buildSettings = {
				ASSETCATALOG_COMPILER_APPICON_NAME = AppIcon;
				INFOPLIST_FILE = PhotoFlow/Info.plist;
				LD_RUNPATH_SEARCH_PATHS = "$(inherited) @executable_path/Frameworks";
				PRODUCT_NAME = "$(TARGET_NAME)";
			};
			name = Release;
		};
		3390AC721BDA157100A5F0C0 /* Debug */ = {
			isa = XCBuildConfiguration;
			buildSettings = {
				BUNDLE_LOADER = "$(TEST_HOST)";
				FRAMEWORK_SEARCH_PATHS = (
					"$(SDKROOT)/Developer/Library/Frameworks",
					"$(inherited)",
				);
				GCC_PREPROCESSOR_DEFINITIONS = (
					"DEBUG=1",
					"$(inherited)",
				);
				INFOPLIST_FILE = PhotoFlowTests/Info.plist;
				LD_RUNPATH_SEARCH_PATHS = "$(inherited) @executable_path/Frameworks @loader_path/Frameworks";
				PRODUCT_NAME = "$(TARGET_NAME)";
				TEST_HOST = "$(BUILT_PRODUCTS_DIR)/PhotoFlow.app/PhotoFlow";
			};
			name = Debug;
		};
		3390AC731BDA157100A5F0C0 /* Release */ = {
			isa = XCBuildConfiguration;
			buildSettings = {
				BUNDLE_LOADER = "$(TEST_HOST)";
				FRAMEWORK_SEARCH_PATHS = (
					"$(SDKROOT)/Developer/Library/Frameworks",
					"$(inherited)",
				);
				INFOPLIST_FILE = PhotoFlowTests/Info.plist;
				LD_RUNPATH_SEARCH_PATHS = "$(inherited) @executable_path/Frameworks @loader_path/Frameworks";
				PRODUCT_NAME = "$(TARGET_NAME)";
				TEST_HOST = "$(BUILT_PRODUCTS_DIR)/PhotoFlow.app/PhotoFlow";
			};
			name = Release;
		};
/* End XCBuildConfiguration section */

/* Begin XCConfigurationList section */
		3390AC461BDA157100A5F0C0 /* Build configuration list for PBXProject "PhotoFlow" */ = {
			isa = XCConfigurationList;
			buildConfigurations = (
				3390AC6C1BDA157100A5F0C0 /* Debug */,
				3390AC6D1BDA157100A5F0C0 /* Release */,
			);
			defaultConfigurationIsVisible = 0;
			defaultConfigurationName = Release;
		};
		3390AC6E1BDA157100A5F0C0 /* Build configuration list for PBXNativeTarget "PhotoFlow" */ = {
			isa = XCConfigurationList;
			buildConfigurations = (
				3390AC6F1BDA157100A5F0C0 /* Debug */,
				3390AC701BDA157100A5F0C0 /* Release */,
			);
			defaultConfigurationIsVisible = 0;
			defaultConfigurationName = Release;
		};
		3390AC711BDA157100A5F0C0 /* Build configuration list for PBXNativeTarget "PhotoFlowTests" */ = {
			isa = XCConfigurationList;
			buildConfigurations = (
				3390AC721BDA157100A5F0C0 /* Debug */,
				3390AC731BDA157100A5F0C0 /* Release */,
			);
			defaultConfigurationIsVisible = 0;
			defaultConfigurationName = Release;
		};
/* End XCConfigurationList section */
	};
	rootObject = 3390AC431BDA157100A5F0C0 /* Project object */;
}
